
Microsoft Visual Studio Solution File, Format Version 12.00
# Visual Studio Version 16
VisualStudioVersion = 16.0.31410.357
MinimumVisualStudioVersion = 10.0.40219.1
Project("{FAE04EC0-301F-11D3-BF4B-00C04F79EFBC}") = "TAREABD1", "TAREABD1.csproj", "{C7686951-89B5-4561-8FCF-241039B9913E}"
EndProject
Global
	GlobalSection(SolutionConfigurationPlatforms) = preSolution
		Debug|Any CPU = Debug|Any CPU
		Release|Any CPU = Release|Any CPU
	EndGlobalSection
	GlobalSection(ProjectConfigurationPlatforms) = postSolution
		{C7686951-89B5-4561-8FCF-241039B9913E}.Debug|Any CPU.ActiveCfg = Debug|Any CPU
		{C7686951-89B5-4561-8FCF-241039B9913E}.Debug|Any CPU.Build.0 = Debug|Any CPU
		{C7686951-89B5-4561-8FCF-241039B9913E}.Release|Any CPU.ActiveCfg = Release|Any CPU
		{C7686951-89B5-4561-8FCF-241039B9913E}.Release|Any CPU.Build.0 = Release|Any CPU
	EndGlobalSection
	GlobalSection(SolutionProperties) = preSolution
		HideSolutionNode = FALSE
	EndGlobalSection
	GlobalSection(ExtensibilityGlobals) = postSolution
		SolutionGuid = {78E47C93-B40A-475D-8BC3-993833374A8A}
	EndGlobalSection
EndGlobal
